{
  "version": "5",
  "redirects": {
    "https://esm.sh/@supabase/supabase-js@2": "https://esm.sh/@supabase/supabase-js@2.112.3"
  },
  "remote": {
    "https://esm.sh/@supabase/supabase-js@2.112.3": "f6b9130984301066587e8917dfab3b3d60be47dc966bd3d04c733bc9423c1cf9"
  },
  "workspace": {
    "packageJson": {
      "dependencies": [
        "npm:@supabase/ssr@~0.10.3",
        "npm:@supabase/supabase-js@^2.107.0",
        "npm:@tailwindcss/postcss@4",
        "npm:@types/node@20",
        "npm:@types/react-dom@19",
        "npm:@types/react@19",
        "npm:eslint-config-next@16.2.7",
        "npm:eslint@9",
        "npm:next@16.2.7",
        "npm:react-dom@19.2.4",
        "npm:react-easy-crop@^5.5.7",
        "npm:react@19.2.4",
        "npm:tailwindcss@4",
        "npm:typescript@5"
      ]
    }
  }
}
